PODS:
  - Capacitor (5.7.8):
    - CapacitorCordova
  - CapacitorApp (5.0.8):
    - Capacitor
  - CapacitorBrowser (5.2.1):
    - Capacitor
  - CapacitorCordova (5.7.8)
  - CapacitorPreferences (5.0.8):
    - Capacitor
  - CapacitorSecureStoragePlugin (0.9.0):
    - Capacitor
    - SwiftKeychainWrapper
  - SwiftKeychainWrapper (4.0.1)

DEPENDENCIES:
  - "Capacitor (from `../../../../../node_modules/@capacitor/ios`)"
  - "CapacitorApp (from `../../../../../node_modules/@capacitor/app`)"
  - "CapacitorBrowser (from `../../../../../node_modules/@capacitor/browser`)"
  - "CapacitorCordova (from `../../../../../node_modules/@capacitor/ios`)"
  - "CapacitorPreferences (from `../../../../../node_modules/@capacitor/preferences`)"
  - CapacitorSecureStoragePlugin (from `../../../../../node_modules/capacitor-secure-storage-plugin`)

SPEC REPOS:
  trunk:
    - SwiftKeychainWrapper

EXTERNAL SOURCES:
  Capacitor:
    :path: "../../../../../node_modules/@capacitor/ios"
  CapacitorApp:
    :path: "../../../../../node_modules/@capacitor/app"
  CapacitorBrowser:
    :path: "../../../../../node_modules/@capacitor/browser"
  CapacitorCordova:
    :path: "../../../../../node_modules/@capacitor/ios"
  CapacitorPreferences:
    :path: "../../../../../node_modules/@capacitor/preferences"
  CapacitorSecureStoragePlugin:
    :path: "../../../../../node_modules/capacitor-secure-storage-plugin"

SPEC CHECKSUMS:
  Capacitor: 747aadb4fa786f460d8cd9d0557cb81440a13747
  CapacitorApp: 102e553c3b1fdc255969c39aa19b529675690ef4
  CapacitorBrowser: bac3132be6506411704149f9f2099843ffe470a0
  CapacitorCordova: 31ab98dca2ddcee051027a1afe7e8c85c82f7297
  CapacitorPreferences: 9e59596c5fd9915ed45279d1fda68978c5706401
  CapacitorSecureStoragePlugin: e91d7df060f2495a1acff9583641a6953e3aacba
  SwiftKeychainWrapper: 807ba1d63c33a7d0613288512399cd1eda1e470c

PODFILE CHECKSUM: 30cc9ca62b326a988b41e9cd758c90bb8e2943c3

COCOAPODS: 1.11.2
